
Microsoft Visual Studio Solution File, Format Version 12.00
# Visual Studio 2013
VisualStudioVersion = 12.0.30501.0
MinimumVisualStudioVersion = 10.0.40219.1
Project("{FAE04EC0-301F-11D3-BF4B-00C04F79EFBC}") = "Inferno", "Inferno\Inferno.csproj", "{66B723B1-4776-448B-947A-1F0792E77F7F}"
EndProject
Project("{FAE04EC0-301F-11D3-BF4B-00C04F79EFBC}") = "InfernoTest", "InfernoTest\InfernoTest.csproj", "{CB63D2CF-1E9F-400D-B177-5C9DFD62ADB3}"
EndProject
Global
	GlobalSection(SolutionConfigurationPlatforms) = preSolution
		Debug|Any CPU = Debug|Any CPU
		Release|Any CPU = Release|Any CPU
	EndGlobalSection
	GlobalSection(ProjectConfigurationPlatforms) = postSolution
		{66B723B1-4776-448B-947A-1F0792E77F7F}.Debug|Any CPU.ActiveCfg = Debug|Any CPU
		{66B723B1-4776-448B-947A-1F0792E77F7F}.Debug|Any CPU.Build.0 = Debug|Any CPU
		{66B723B1-4776-448B-947A-1F0792E77F7F}.Release|Any CPU.ActiveCfg = Release|Any CPU
		{66B723B1-4776-448B-947A-1F0792E77F7F}.Release|Any CPU.Build.0 = Release|Any CPU
		{CB63D2CF-1E9F-400D-B177-5C9DFD62ADB3}.Debug|Any CPU.ActiveCfg = Debug|Any CPU
		{CB63D2CF-1E9F-400D-B177-5C9DFD62ADB3}.Debug|Any CPU.Build.0 = Debug|Any CPU
		{CB63D2CF-1E9F-400D-B177-5C9DFD62ADB3}.Release|Any CPU.ActiveCfg = Release|Any CPU
		{CB63D2CF-1E9F-400D-B177-5C9DFD62ADB3}.Release|Any CPU.Build.0 = Release|Any CPU
	EndGlobalSection
	GlobalSection(SolutionProperties) = preSolution
		HideSolutionNode = FALSE
	EndGlobalSection
EndGlobal
